
Microsoft Visual Studio Solution File, Format Version 12.00
# Visual Studio Version 16
VisualStudioVersion = 16.0.29324.140
MinimumVisualStudioVersion = 10.0.40219.1
Project("{FAE04EC0-301F-11D3-BF4B-00C04F79EFBC}") = "RubberDuckPub", "RubberDuckPub\RubberDuckPub.csproj", "{EFD1DB7F-028C-4E0F-A166-19CF738F4ED0}"
EndProject
Global
	GlobalSection(SolutionConfigurationPlatforms) = preSolution
		Debug|Any CPU = Debug|Any CPU
		Release|Any CPU = Release|Any CPU
	EndGlobalSection
	GlobalSection(ProjectConfigurationPlatforms) = postSolution
		{EFD1DB7F-028C-4E0F-A166-19CF738F4ED0}.Debug|Any CPU.ActiveCfg = Debug|Any CPU
		{EFD1DB7F-028C-4E0F-A166-19CF738F4ED0}.Debug|Any CPU.Build.0 = Debug|Any CPU
		{EFD1DB7F-028C-4E0F-A166-19CF738F4ED0}.Release|Any CPU.ActiveCfg = Release|Any CPU
		{EFD1DB7F-028C-4E0F-A166-19CF738F4ED0}.Release|Any CPU.Build.0 = Release|Any CPU
	EndGlobalSection
	GlobalSection(SolutionProperties) = preSolution
		HideSolutionNode = FALSE
	EndGlobalSection
	GlobalSection(ExtensibilityGlobals) = postSolution
		SolutionGuid = {8E0E799A-59D5-4C73-BC0D-6760306A5015}
	EndGlobalSection
EndGlobal
